
Microsoft Visual Studio Solution File, Format Version 12.00
# Visual Studio Version 16
VisualStudioVersion = 16.0.29020.237
MinimumVisualStudioVersion = 10.0.40219.1
Project("{888888A0-9F3D-457C-B088-3A5042F75D52}") = "DjangoWeb", "DjangoWeb.pyproj", "{91525EBF-C8B5-4E72-8FA5-0CD35AC8ADB9}"
EndProject
Global
	GlobalSection(SolutionConfigurationPlatforms) = preSolution
		Debug|Any CPU = Debug|Any CPU
		Release|Any CPU = Release|Any CPU
	EndGlobalSection
	GlobalSection(ProjectConfigurationPlatforms) = postSolution
		{91525EBF-C8B5-4E72-8FA5-0CD35AC8ADB9}.Debug|Any CPU.ActiveCfg = Debug|Any CPU
		{91525EBF-C8B5-4E72-8FA5-0CD35AC8ADB9}.Debug|Any CPU.Build.0 = Debug|Any CPU
		{91525EBF-C8B5-4E72-8FA5-0CD35AC8ADB9}.Release|Any CPU.ActiveCfg = Release|Any CPU
		{91525EBF-C8B5-4E72-8FA5-0CD35AC8ADB9}.Release|Any CPU.Build.0 = Release|Any CPU
	EndGlobalSection
	GlobalSection(SolutionProperties) = preSolution
		HideSolutionNode = FALSE
	EndGlobalSection
	GlobalSection(ExtensibilityGlobals) = postSolution
		SolutionGuid = {64681112-19A2-4B9A-B518-213CDF69C229}
	EndGlobalSection
EndGlobal
